
Microsoft Visual Studio Solution File, Format Version 12.00
# Visual Studio Version 17
VisualStudioVersion = 17.3.32728.150
MinimumVisualStudioVersion = 10.0.40219.1
Project("{FAE04EC0-301F-11D3-BF4B-00C04F79EFBC}") = "DevNcore.RestApi", "DevNcore.RestApi\DevNcore.RestApi.csproj", "{2B0B7464-7908-4C89-AA3D-7B30DDC54161}"
EndProject
Global
	GlobalSection(SolutionConfigurationPlatforms) = preSolution
		Debug|Any CPU = Debug|Any CPU
		Release|Any CPU = Release|Any CPU
	EndGlobalSection
	GlobalSection(ProjectConfigurationPlatforms) = postSolution
		{2B0B7464-7908-4C89-AA3D-7B30DDC54161}.Debug|Any CPU.ActiveCfg = Debug|Any CPU
		{2B0B7464-7908-4C89-AA3D-7B30DDC54161}.Debug|Any CPU.Build.0 = Debug|Any CPU
		{2B0B7464-7908-4C89-AA3D-7B30DDC54161}.Release|Any CPU.ActiveCfg = Release|Any CPU
		{2B0B7464-7908-4C89-AA3D-7B30DDC54161}.Release|Any CPU.Build.0 = Release|Any CPU
	EndGlobalSection
	GlobalSection(SolutionProperties) = preSolution
		HideSolutionNode = FALSE
	EndGlobalSection
	GlobalSection(ExtensibilityGlobals) = postSolution
		SolutionGuid = {67C17966-1F74-4E85-9477-59EE41A317DA}
	EndGlobalSection
EndGlobal
